
Microsoft Visual Studio Solution File, Format Version 12.00
# Visual Studio Version 17
VisualStudioVersion = 17.4.33205.214
MinimumVisualStudioVersion = 10.0.40219.1
Project("{FAE04EC0-301F-11D3-BF4B-00C04F79EFBC}") = "ZaszloArusAPI_EF", "ZaszloArusAPI_EF\ZaszloArusAPI_EF.csproj", "{66AD5820-B38A-49C3-B116-4681782BC5D0}"
EndProject
Global
	GlobalSection(SolutionConfigurationPlatforms) = preSolution
		Debug|Any CPU = Debug|Any CPU
		Release|Any CPU = Release|Any CPU
	EndGlobalSection
	GlobalSection(ProjectConfigurationPlatforms) = postSolution
		{66AD5820-B38A-49C3-B116-4681782BC5D0}.Debug|Any CPU.ActiveCfg = Debug|Any CPU
		{66AD5820-B38A-49C3-B116-4681782BC5D0}.Debug|Any CPU.Build.0 = Debug|Any CPU
		{66AD5820-B38A-49C3-B116-4681782BC5D0}.Release|Any CPU.ActiveCfg = Release|Any CPU
		{66AD5820-B38A-49C3-B116-4681782BC5D0}.Release|Any CPU.Build.0 = Release|Any CPU
	EndGlobalSection
	GlobalSection(SolutionProperties) = preSolution
		HideSolutionNode = FALSE
	EndGlobalSection
	GlobalSection(ExtensibilityGlobals) = postSolution
		SolutionGuid = {D70B2041-C7F9-414A-9817-4CFF67BB40C3}
	EndGlobalSection
EndGlobal
